
Microsoft Visual Studio Solution File, Format Version 12.00
# Visual Studio Version 16
VisualStudioVersion = 16.0.32602.291
MinimumVisualStudioVersion = 10.0.40219.1
Project("{FAE04EC0-301F-11D3-BF4B-00C04F79EFBC}") = "Task20", "Task20\Task20.csproj", "{B4369256-2180-4541-96A3-37DFE8D7191F}"
EndProject
Global
	GlobalSection(SolutionConfigurationPlatforms) = preSolution
		Debug|Any CPU = Debug|Any CPU
		Release|Any CPU = Release|Any CPU
	EndGlobalSection
	GlobalSection(ProjectConfigurationPlatforms) = postSolution
		{B4369256-2180-4541-96A3-37DFE8D7191F}.Debug|Any CPU.ActiveCfg = Debug|Any CPU
		{B4369256-2180-4541-96A3-37DFE8D7191F}.Debug|Any CPU.Build.0 = Debug|Any CPU
		{B4369256-2180-4541-96A3-37DFE8D7191F}.Release|Any CPU.ActiveCfg = Release|Any CPU
		{B4369256-2180-4541-96A3-37DFE8D7191F}.Release|Any CPU.Build.0 = Release|Any CPU
	EndGlobalSection
	GlobalSection(SolutionProperties) = preSolution
		HideSolutionNode = FALSE
	EndGlobalSection
	GlobalSection(ExtensibilityGlobals) = postSolution
		SolutionGuid = {672EB647-7045-4541-8F69-CCC0E3F0043F}
	EndGlobalSection
EndGlobal
